
Microsoft Visual Studio Solution File, Format Version 12.00
# Visual Studio Version 16
VisualStudioVersion = 16.0.30907.101
MinimumVisualStudioVersion = 10.0.40219.1
Project("{8BC9CEB8-8B4A-11D0-8D11-00A0C91BC942}") = "prog3_demoEncapsulation", "prog3_demoEncapsulation.vcxproj", "{17A449CD-58CD-47C4-B90E-25E87AB12335}"
EndProject
Global
	GlobalSection(SolutionConfigurationPlatforms) = preSolution
		Debug|x64 = Debug|x64
		Debug|x86 = Debug|x86
		Release|x64 = Release|x64
		Release|x86 = Release|x86
	EndGlobalSection
	GlobalSection(ProjectConfigurationPlatforms) = postSolution
		{17A449CD-58CD-47C4-B90E-25E87AB12335}.Debug|x64.ActiveCfg = Debug|x64
		{17A449CD-58CD-47C4-B90E-25E87AB12335}.Debug|x64.Build.0 = Debug|x64
		{17A449CD-58CD-47C4-B90E-25E87AB12335}.Debug|x86.ActiveCfg = Debug|Win32
		{17A449CD-58CD-47C4-B90E-25E87AB12335}.Debug|x86.Build.0 = Debug|Win32
		{17A449CD-58CD-47C4-B90E-25E87AB12335}.Release|x64.ActiveCfg = Release|x64
		{17A449CD-58CD-47C4-B90E-25E87AB12335}.Release|x64.Build.0 = Release|x64
		{17A449CD-58CD-47C4-B90E-25E87AB12335}.Release|x86.ActiveCfg = Release|Win32
		{17A449CD-58CD-47C4-B90E-25E87AB12335}.Release|x86.Build.0 = Release|Win32
	EndGlobalSection
	GlobalSection(SolutionProperties) = preSolution
		HideSolutionNode = FALSE
	EndGlobalSection
	GlobalSection(ExtensibilityGlobals) = postSolution
		SolutionGuid = {66052BCD-4357-4F3B-84C6-88412AF95C5D}
	EndGlobalSection
EndGlobal
